PODS:
  - app_badge_plus (1.2.6):
    - FlutterMacOS
  - app_links (6.4.1):
    - FlutterMacOS
  - AppAuth (1.7.6):
    - AppAuth/Core (= 1.7.6)
    - AppAuth/ExternalUserAgent (= 1.7.6)
  - AppAuth/Core (1.7.6)
  - AppAuth/ExternalUserAgent (1.7.6):
    - AppAuth/Core
  - AppCheckCore (11.2.0):
    - GoogleUtilities/Environment (~> 8.0)
    - GoogleUtilities/UserDefaults (~> 8.0)
    - PromisesObjC (~> 2.4)
  - assets_audio_player (0.0.1):
    - FlutterMacOS
  - assets_audio_player_web (0.0.1):
    - FlutterMacOS
  - audio_session (0.0.1):
    - FlutterMacOS
  - camera_macos (0.0.1):
    - FlutterMacOS
  - cloud_firestore (5.6.9):
    - Firebase/CoreOnly (~> 11.13.0)
    - Firebase/Firestore (~> 11.13.0)
    - firebase_core
    - FlutterMacOS
  - cloud_functions (5.5.2):
    - Firebase/CoreOnly (~> 11.13.0)
    - Firebase/Functions (~> 11.13.0)
    - firebase_core
    - FlutterMacOS
  - cupertino_native (0.0.1):
    - FlutterMacOS
  - desktop_drop (0.0.1):
    - FlutterMacOS
  - device_info_plus (0.0.1):
    - FlutterMacOS
  - emoji_picker_flutter (0.0.1):
    - FlutterMacOS
  - file_picker (0.0.1):
    - FlutterMacOS
  - file_selector_macos (0.0.1):
    - FlutterMacOS
  - Firebase/Auth (11.13.0):
    - Firebase/CoreOnly
    - FirebaseAuth (~> 11.13.0)
  - Firebase/CoreOnly (11.13.0):
    - FirebaseCore (~> 11.13.0)
  - Firebase/Firestore (11.13.0):
    - Firebase/CoreOnly
    - FirebaseFirestore (~> 11.13.0)
  - Firebase/Functions (11.13.0):
    - Firebase/CoreOnly
    - FirebaseFunctions (~> 11.13.0)
  - Firebase/Messaging (11.13.0):
    - Firebase/CoreOnly
    - FirebaseMessaging (~> 11.13.0)
  - Firebase/Storage (11.13.0):
    - Firebase/CoreOnly
    - FirebaseStorage (~> 11.13.0)
  - firebase_auth (5.6.0):
    - Firebase/Auth (~> 11.13.0)
    - Firebase/CoreOnly (~> 11.13.0)
    - firebase_core
    - FlutterMacOS
  - firebase_core (3.14.0):
    - Firebase/CoreOnly (~> 11.13.0)
    - FlutterMacOS
  - firebase_messaging (15.2.7):
    - Firebase/CoreOnly (~> 11.13.0)
    - Firebase/Messaging (~> 11.13.0)
    - firebase_core
    - FlutterMacOS
  - firebase_storage (12.4.7):
    - Firebase/CoreOnly (~> 11.13.0)
    - Firebase/Storage (~> 11.13.0)
    - firebase_core
    - FlutterMacOS
  - FirebaseAppCheckInterop (11.15.0)
  - FirebaseAuth (11.13.0):
    - FirebaseAppCheckInterop (~> 11.0)
    - FirebaseAuthInterop (~> 11.0)
    - FirebaseCore (~> 11.13.0)
    - FirebaseCoreExtension (~> 11.13.0)
    - GoogleUtilities/AppDelegateSwizzler (~> 8.1)
    - GoogleUtilities/Environment (~> 8.1)
    - GTMSessionFetcher/Core (< 5.0, >= 3.4)
    - RecaptchaInterop (~> 101.0)
  - FirebaseAuthInterop (11.15.0)
  - FirebaseCore (11.13.0):
    - FirebaseCoreInternal (~> 11.13.0)
    - GoogleUtilities/Environment (~> 8.1)
    - GoogleUtilities/Logger (~> 8.1)
  - FirebaseCoreExtension (11.13.0):
    - FirebaseCore (~> 11.13.0)
  - FirebaseCoreInternal (11.13.0):
    - "GoogleUtilities/NSData+zlib (~> 8.1)"
  - FirebaseFirestore (11.13.0):
    - FirebaseFirestoreBinary (= 11.13.0)
  - FirebaseFirestoreAbseilBinary (1.2024072200.0)
  - FirebaseFirestoreBinary (11.13.0):
    - FirebaseCore (= 11.13.0)
    - FirebaseCoreExtension (= 11.13.0)
    - FirebaseFirestoreInternalBinary (= 11.13.0)
    - FirebaseSharedSwift (= 11.13.0)
  - FirebaseFirestoreGRPCBoringSSLBinary (1.69.0)
  - FirebaseFirestoreGRPCCoreBinary (1.69.0):
    - FirebaseFirestoreAbseilBinary (= 1.2024072200.0)
    - FirebaseFirestoreGRPCBoringSSLBinary (= 1.69.0)
  - FirebaseFirestoreGRPCCPPBinary (1.69.0):
    - FirebaseFirestoreAbseilBinary (= 1.2024072200.0)
    - FirebaseFirestoreGRPCCoreBinary (= 1.69.0)
  - FirebaseFirestoreInternalBinary (11.13.0):
    - FirebaseCore (= 11.13.0)
    - FirebaseFirestoreAbseilBinary (= 1.2024072200.0)
    - FirebaseFirestoreGRPCCPPBinary (= 1.69.0)
    - leveldb-library (~> 1.22)
    - nanopb (~> 3.30910.0)
  - FirebaseFunctions (11.13.0):
    - FirebaseAppCheckInterop (~> 11.0)
    - FirebaseAuthInterop (~> 11.0)
    - FirebaseCore (~> 11.13.0)
    - FirebaseCoreExtension (~> 11.13.0)
    - FirebaseMessagingInterop (~> 11.0)
    - FirebaseSharedSwift (~> 11.0)
    - GTMSessionFetcher/Core (< 5.0, >= 3.4)
  - FirebaseInstallations (11.13.0):
    - FirebaseCore (~> 11.13.0)
    - GoogleUtilities/Environment (~> 8.1)
    - GoogleUtilities/UserDefaults (~> 8.1)
    - PromisesObjC (~> 2.4)
  - FirebaseMessaging (11.13.0):
    - FirebaseCore (~> 11.13.0)
    - FirebaseInstallations (~> 11.0)
    - GoogleDataTransport (~> 10.0)
    - GoogleUtilities/AppDelegateSwizzler (~> 8.1)
    - GoogleUtilities/Environment (~> 8.1)
    - GoogleUtilities/Reachability (~> 8.1)
    - GoogleUtilities/UserDefaults (~> 8.1)
    - nanopb (~> 3.30910.0)
  - FirebaseMessagingInterop (11.15.0)
  - FirebaseSharedSwift (11.13.0)
  - FirebaseStorage (11.13.0):
    - FirebaseAppCheckInterop (~> 11.0)
    - FirebaseAuthInterop (~> 11.0)
    - FirebaseCore (~> 11.13.0)
    - FirebaseCoreExtension (~> 11.13.0)
    - GoogleUtilities/Environment (~> 8.1)
    - GTMSessionFetcher/Core (< 5.0, >= 3.4)
  - flutter_inappwebview_macos (0.0.1):
    - FlutterMacOS
    - OrderedSet (~> 6.0.3)
  - FlutterMacOS (1.0.0)
  - geolocator_apple (1.2.0):
    - Flutter
    - FlutterMacOS
  - google_sign_in_ios (0.0.1):
    - AppAuth (>= 1.7.4)
    - Flutter
    - FlutterMacOS
    - GoogleSignIn (~> 8.0)
    - GTMSessionFetcher (>= 3.4.0)
  - GoogleDataTransport (10.1.0):
    - nanopb (~> 3.30910.0)
    - PromisesObjC (~> 2.4)
  - GoogleSignIn (8.0.0):
    - AppAuth (< 2.0, >= 1.7.3)
    - AppCheckCore (~> 11.0)
    - GTMAppAuth (< 5.0, >= 4.1.1)
    - GTMSessionFetcher/Core (~> 3.3)
  - GoogleUtilities/AppDelegateSwizzler (8.1.0):
    - GoogleUtilities/Environment
    - GoogleUtilities/Logger
    - GoogleUtilities/Network
    - GoogleUtilities/Privacy
  - GoogleUtilities/Environment (8.1.0):
    - GoogleUtilities/Privacy
  - GoogleUtilities/Logger (8.1.0):
    - GoogleUtilities/Environment
    - GoogleUtilities/Privacy
  - GoogleUtilities/Network (8.1.0):
    - GoogleUtilities/Logger
    - "GoogleUtilities/NSData+zlib"
    - GoogleUtilities/Privacy
    - GoogleUtilities/Reachability
  - "GoogleUtilities/NSData+zlib (8.1.0)":
    - GoogleUtilities/Privacy
  - GoogleUtilities/Privacy (8.1.0)
  - GoogleUtilities/Reachability (8.1.0):
    - GoogleUtilities/Logger
    - GoogleUtilities/Privacy
  - GoogleUtilities/UserDefaults (8.1.0):
    - GoogleUtilities/Logger
    - GoogleUtilities/Privacy
  - GTMAppAuth (4.1.1):
    - AppAuth/Core (~> 1.7)
    - GTMSessionFetcher/Core (< 4.0, >= 3.3)
  - GTMSessionFetcher (3.5.0):
    - GTMSessionFetcher/Full (= 3.5.0)
  - GTMSessionFetcher/Core (3.5.0)
  - GTMSessionFetcher/Full (3.5.0):
    - GTMSessionFetcher/Core
  - just_audio (0.0.1):
    - Flutter
    - FlutterMacOS
  - leveldb-library (1.22.6)
  - nanopb (3.30910.0):
    - nanopb/decode (= 3.30910.0)
    - nanopb/encode (= 3.30910.0)
  - nanopb/decode (3.30910.0)
  - nanopb/encode (3.30910.0)
  - OrderedSet (6.0.3)
  - package_info_plus (0.0.1):
    - FlutterMacOS
  - path_provider_foundation (0.0.1):
    - Flutter
    - FlutterMacOS
  - pdfx (1.0.0):
    - FlutterMacOS
  - PromisesObjC (2.4.0)
  - quill_native_bridge_macos (0.0.1):
    - FlutterMacOS
  - record_macos (1.0.0):
    - FlutterMacOS
  - share_plus (0.0.1):
    - FlutterMacOS
  - shared_preferences_foundation (0.0.1):
    - Flutter
    - FlutterMacOS
  - sign_in_with_apple (0.0.1):
    - FlutterMacOS
  - sqflite (0.0.3):
    - Flutter
    - FlutterMacOS
  - url_launcher_macos (0.0.1):
    - FlutterMacOS
  - video_player_avfoundation (0.0.1):
    - Flutter
    - FlutterMacOS
  - wakelock_plus (0.0.1):
    - FlutterMacOS
  - webview_flutter_wkwebview (0.0.1):
    - Flutter
    - FlutterMacOS
  - zego_express_engine (3.23.0):
    - FlutterMacOS

DEPENDENCIES:
  - app_badge_plus (from `Flutter/ephemeral/.symlinks/plugins/app_badge_plus/macos`)
  - app_links (from `Flutter/ephemeral/.symlinks/plugins/app_links/macos`)
  - assets_audio_player (from `Flutter/ephemeral/.symlinks/plugins/assets_audio_player/macos`)
  - assets_audio_player_web (from `Flutter/ephemeral/.symlinks/plugins/assets_audio_player_web/macos`)
  - audio_session (from `Flutter/ephemeral/.symlinks/plugins/audio_session/macos`)
  - camera_macos (from `Flutter/ephemeral/.symlinks/plugins/camera_macos/macos`)
  - cloud_firestore (from `Flutter/ephemeral/.symlinks/plugins/cloud_firestore/macos`)
  - cloud_functions (from `Flutter/ephemeral/.symlinks/plugins/cloud_functions/macos`)
  - cupertino_native (from `Flutter/ephemeral/.symlinks/plugins/cupertino_native/macos`)
  - desktop_drop (from `Flutter/ephemeral/.symlinks/plugins/desktop_drop/macos`)
  - device_info_plus (from `Flutter/ephemeral/.symlinks/plugins/device_info_plus/macos`)
  - emoji_picker_flutter (from `Flutter/ephemeral/.symlinks/plugins/emoji_picker_flutter/macos`)
  - file_picker (from `Flutter/ephemeral/.symlinks/plugins/file_picker/macos`)
  - file_selector_macos (from `Flutter/ephemeral/.symlinks/plugins/file_selector_macos/macos`)
  - firebase_auth (from `Flutter/ephemeral/.symlinks/plugins/firebase_auth/macos`)
  - firebase_core (from `Flutter/ephemeral/.symlinks/plugins/firebase_core/macos`)
  - firebase_messaging (from `Flutter/ephemeral/.symlinks/plugins/firebase_messaging/macos`)
  - firebase_storage (from `Flutter/ephemeral/.symlinks/plugins/firebase_storage/macos`)
  - FirebaseFirestore (from `https://github.com/invertase/firestore-ios-sdk-frameworks.git`, tag `11.13.0`)
  - flutter_inappwebview_macos (from `Flutter/ephemeral/.symlinks/plugins/flutter_inappwebview_macos/macos`)
  - FlutterMacOS (from `Flutter/ephemeral`)
  - geolocator_apple (from `Flutter/ephemeral/.symlinks/plugins/geolocator_apple/darwin`)
  - google_sign_in_ios (from `Flutter/ephemeral/.symlinks/plugins/google_sign_in_ios/darwin`)
  - just_audio (from `Flutter/ephemeral/.symlinks/plugins/just_audio/darwin`)
  - package_info_plus (from `Flutter/ephemeral/.symlinks/plugins/package_info_plus/macos`)
  - path_provider_foundation (from `Flutter/ephemeral/.symlinks/plugins/path_provider_foundation/darwin`)
  - pdfx (from `Flutter/ephemeral/.symlinks/plugins/pdfx/macos`)
  - quill_native_bridge_macos (from `Flutter/ephemeral/.symlinks/plugins/quill_native_bridge_macos/macos`)
  - record_macos (from `Flutter/ephemeral/.symlinks/plugins/record_macos/macos`)
  - share_plus (from `Flutter/ephemeral/.symlinks/plugins/share_plus/macos`)
  - shared_preferences_foundation (from `Flutter/ephemeral/.symlinks/plugins/shared_preferences_foundation/darwin`)
  - sign_in_with_apple (from `Flutter/ephemeral/.symlinks/plugins/sign_in_with_apple/macos`)
  - sqflite (from `Flutter/ephemeral/.symlinks/plugins/sqflite/darwin`)
  - url_launcher_macos (from `Flutter/ephemeral/.symlinks/plugins/url_launcher_macos/macos`)
  - video_player_avfoundation (from `Flutter/ephemeral/.symlinks/plugins/video_player_avfoundation/darwin`)
  - wakelock_plus (from `Flutter/ephemeral/.symlinks/plugins/wakelock_plus/macos`)
  - webview_flutter_wkwebview (from `Flutter/ephemeral/.symlinks/plugins/webview_flutter_wkwebview/darwin`)
  - zego_express_engine (from `Flutter/ephemeral/.symlinks/plugins/zego_express_engine/macos`)

SPEC REPOS:
  trunk:
    - AppAuth
    - AppCheckCore
    - Firebase
    - FirebaseAppCheckInterop
    - FirebaseAuth
    - FirebaseAuthInterop
    - FirebaseCore
    - FirebaseCoreExtension
    - FirebaseCoreInternal
    - FirebaseFirestoreAbseilBinary
    - FirebaseFirestoreBinary
    - FirebaseFirestoreGRPCBoringSSLBinary
    - FirebaseFirestoreGRPCCoreBinary
    - FirebaseFirestoreGRPCCPPBinary
    - FirebaseFirestoreInternalBinary
    - FirebaseFunctions
    - FirebaseInstallations
    - FirebaseMessaging
    - FirebaseMessagingInterop
    - FirebaseSharedSwift
    - FirebaseStorage
    - GoogleDataTransport
    - GoogleSignIn
    - GoogleUtilities
    - GTMAppAuth
    - GTMSessionFetcher
    - leveldb-library
    - nanopb
    - OrderedSet
    - PromisesObjC

EXTERNAL SOURCES:
  app_badge_plus:
    :path: Flutter/ephemeral/.symlinks/plugins/app_badge_plus/macos
  app_links:
    :path: Flutter/ephemeral/.symlinks/plugins/app_links/macos
  assets_audio_player:
    :path: Flutter/ephemeral/.symlinks/plugins/assets_audio_player/macos
  assets_audio_player_web:
    :path: Flutter/ephemeral/.symlinks/plugins/assets_audio_player_web/macos
  audio_session:
    :path: Flutter/ephemeral/.symlinks/plugins/audio_session/macos
  camera_macos:
    :path: Flutter/ephemeral/.symlinks/plugins/camera_macos/macos
  cloud_firestore:
    :path: Flutter/ephemeral/.symlinks/plugins/cloud_firestore/macos
  cloud_functions:
    :path: Flutter/ephemeral/.symlinks/plugins/cloud_functions/macos
  cupertino_native:
    :path: Flutter/ephemeral/.symlinks/plugins/cupertino_native/macos
  desktop_drop:
    :path: Flutter/ephemeral/.symlinks/plugins/desktop_drop/macos
  device_info_plus:
    :path: Flutter/ephemeral/.symlinks/plugins/device_info_plus/macos
  emoji_picker_flutter:
    :path: Flutter/ephemeral/.symlinks/plugins/emoji_picker_flutter/macos
  file_picker:
    :path: Flutter/ephemeral/.symlinks/plugins/file_picker/macos
  file_selector_macos:
    :path: Flutter/ephemeral/.symlinks/plugins/file_selector_macos/macos
  firebase_auth:
    :path: Flutter/ephemeral/.symlinks/plugins/firebase_auth/macos
  firebase_core:
    :path: Flutter/ephemeral/.symlinks/plugins/firebase_core/macos
  firebase_messaging:
    :path: Flutter/ephemeral/.symlinks/plugins/firebase_messaging/macos
  firebase_storage:
    :path: Flutter/ephemeral/.symlinks/plugins/firebase_storage/macos
  FirebaseFirestore:
    :git: https://github.com/invertase/firestore-ios-sdk-frameworks.git
    :tag: 11.13.0
  flutter_inappwebview_macos:
    :path: Flutter/ephemeral/.symlinks/plugins/flutter_inappwebview_macos/macos
  FlutterMacOS:
    :path: Flutter/ephemeral
  geolocator_apple:
    :path: Flutter/ephemeral/.symlinks/plugins/geolocator_apple/darwin
  google_sign_in_ios:
    :path: Flutter/ephemeral/.symlinks/plugins/google_sign_in_ios/darwin
  just_audio:
    :path: Flutter/ephemeral/.symlinks/plugins/just_audio/darwin
  package_info_plus:
    :path: Flutter/ephemeral/.symlinks/plugins/package_info_plus/macos
  path_provider_foundation:
    :path: Flutter/ephemeral/.symlinks/plugins/path_provider_foundation/darwin
  pdfx:
    :path: Flutter/ephemeral/.symlinks/plugins/pdfx/macos
  quill_native_bridge_macos:
    :path: Flutter/ephemeral/.symlinks/plugins/quill_native_bridge_macos/macos
  record_macos:
    :path: Flutter/ephemeral/.symlinks/plugins/record_macos/macos
  share_plus:
    :path: Flutter/ephemeral/.symlinks/plugins/share_plus/macos
  shared_preferences_foundation:
    :path: Flutter/ephemeral/.symlinks/plugins/shared_preferences_foundation/darwin
  sign_in_with_apple:
    :path: Flutter/ephemeral/.symlinks/plugins/sign_in_with_apple/macos
  sqflite:
    :path: Flutter/ephemeral/.symlinks/plugins/sqflite/darwin
  url_launcher_macos:
    :path: Flutter/ephemeral/.symlinks/plugins/url_launcher_macos/macos
  video_player_avfoundation:
    :path: Flutter/ephemeral/.symlinks/plugins/video_player_avfoundation/darwin
  wakelock_plus:
    :path: Flutter/ephemeral/.symlinks/plugins/wakelock_plus/macos
  webview_flutter_wkwebview:
    :path: Flutter/ephemeral/.symlinks/plugins/webview_flutter_wkwebview/darwin
  zego_express_engine:
    :path: Flutter/ephemeral/.symlinks/plugins/zego_express_engine/macos

CHECKOUT OPTIONS:
  FirebaseFirestore:
    :git: https://github.com/invertase/firestore-ios-sdk-frameworks.git
    :tag: 11.13.0

SPEC CHECKSUMS:
  app_badge_plus: da29ead6d3bd8cdbfffc42da99c6e06225c385d8
  app_links: 05a6ec2341985eb05e9f97dc63f5837c39895c3f
  AppAuth: d4f13a8fe0baf391b2108511793e4b479691fb73
  AppCheckCore: cc8fd0a3a230ddd401f326489c99990b013f0c4f
  assets_audio_player: 1d253800981ae53f995171cb526faa127af4d0b3
  assets_audio_player_web: 161867630596dc1217cd941e795845e83d355914
  audio_session: eaca2512cf2b39212d724f35d11f46180ad3a33e
  camera_macos: 9fd766915a6c236c8b3fd902f7ccd215636cd07a
  cloud_firestore: f9c63a7893036af18566495df7d956a204d5ca81
  cloud_functions: 3df4cd145d5f1c070478644fa91837b0698cab8e
  cupertino_native: 69ee8a8bac1c467f04256be9d78899a180287d9a
  desktop_drop: 10a3e6a7fa9dbe350541f2574092fecfa345a07b
  device_info_plus: 4fb280989f669696856f8b129e4a5e3cd6c48f76
  emoji_picker_flutter: 51ca408e289d84d1e460016b2a28721ec754fcf7
  file_picker: 7584aae6fa07a041af2b36a2655122d42f578c1a
  file_selector_macos: 9e9e068e90ebee155097d00e89ae91edb2374db7
  Firebase: 3435bc66b4d494c2f22c79fd3aae4c1db6662327
  firebase_auth: 0c19ce983579df06c13eca090d1c1f0bcdb64cec
  firebase_core: 1095fcf33161d99bc34aa10f7c0d89414a208d15
  firebase_messaging: 6417056ffb85141607618ddfef9fec9f3caab3ea
  firebase_storage: 2aa056007cc6553cfe3993bc84d81d508b8fd55f
  FirebaseAppCheckInterop: 06fe5a3799278ae4667e6c432edd86b1030fa3df
  FirebaseAuth: 175cb5503dfdb52191b8ff81cdd52c1d9dee9ac9
  FirebaseAuthInterop: 7087d7a4ee4bc4de019b2d0c240974ed5d89e2fd
  FirebaseCore: c692c7f1c75305ab6aff2b367f25e11d73aa8bd0
  FirebaseCoreExtension: c048485c347616dba6165358dbef765c5197597b
  FirebaseCoreInternal: 29d7b3af4aaf0b8f3ed20b568c13df399b06f68c
  FirebaseFirestore: e36466f4eaad740d03ceab30c221c958f16eba52
  FirebaseFirestoreAbseilBinary: 4cfa8823cedc1b774843e04fe578ad279b387f97
  FirebaseFirestoreBinary: 77bfe418e95c78d3c35e57053cc97c02f785d432
  FirebaseFirestoreGRPCBoringSSLBinary: c3dfef3ff448ae2c1c85f9baf9fac5afc4db99fa
  FirebaseFirestoreGRPCCoreBinary: 565534e160a0415d12185f7f171c52a567382fbd
  FirebaseFirestoreGRPCCPPBinary: 6c0134e8d230ee58b9d51dec2a30a48efd6d5dc7
  FirebaseFirestoreInternalBinary: cc52ee20219489d8f035f2ef0542953d0c79c66c
  FirebaseFunctions: 57b6625728d4b171731b6883d49f136bbddcefc8
  FirebaseInstallations: 0ee9074f2c1e86561ace168ee1470dc67aabaf02
  FirebaseMessaging: 195bbdb73e6ca1dbc76cd46e73f3552c084ef6e4
  FirebaseMessagingInterop: 63e504b147a7206cfe64cbe2f40c2ddd009945bd
  FirebaseSharedSwift: aca73668bc95e8efccb618e0167eab05d19d3a75
  FirebaseStorage: 2a3e5402a565e06e121308dadfe0626976fd6b45
  flutter_inappwebview_macos: c2d68649f9f8f1831bfcd98d73fd6256366d9d1d
  FlutterMacOS: d0db08ddef1a9af05a5ec4b724367152bb0500b1
  geolocator_apple: ab36aa0e8b7d7a2d7639b3b4e48308394e8cef5e
  google_sign_in_ios: b48bb9af78576358a168361173155596c845f0b9
  GoogleDataTransport: aae35b7ea0c09004c3797d53c8c41f66f219d6a7
  GoogleSignIn: ce8c89bb9b37fb624b92e7514cc67335d1e277e4
  GoogleUtilities: 00c88b9a86066ef77f0da2fab05f65d7768ed8e1
  GTMAppAuth: f69bd07d68cd3b766125f7e072c45d7340dea0de
  GTMSessionFetcher: 5aea5ba6bd522a239e236100971f10cb71b96ab6
  just_audio: 4e391f57b79cad2b0674030a00453ca5ce817eed
  leveldb-library: cc8b8f8e013647a295ad3f8cd2ddf49a6f19be19
  nanopb: fad817b59e0457d11a5dfbde799381cd727c1275
  OrderedSet: e539b66b644ff081c73a262d24ad552a69be3a94
  package_info_plus: a8a591e70e87ce97ce5d21b2594f69cea9e0312f
  path_provider_foundation: 080d55be775b7414fd5a5ef3ac137b97b097e564
  pdfx: 1e79f57f7a6ce2f4a4c30f21fa54d3dc82441b51
  PromisesObjC: f5707f49cb48b9636751c5b2e7d227e43fba9f47
  quill_native_bridge_macos: 2b005cb56902bb740e0cd9620aa399dfac6b4882
  record_macos: 295d70bd5fb47145df78df7b80e6697cd18403c0
  share_plus: 11c7b7fa7020465584eca3ff6392c5bc1e399d6e
  shared_preferences_foundation: 9e1978ff2562383bd5676f64ec4e9aa8fa06a6f7
  sign_in_with_apple: 6673c03c9e3643f6c8d33601943fbfa9ae99f94e
  sqflite: c35dad70033b8862124f8337cc994a809fcd9fa3
  url_launcher_macos: 0fba8ddabfc33ce0a9afe7c5fef5aab3d8d2d673
  video_player_avfoundation: 2cef49524dd1f16c5300b9cd6efd9611ce03639b
  wakelock_plus: 21ddc249ac4b8d018838dbdabd65c5976c308497
  webview_flutter_wkwebview: 8ebf4fded22593026f7dbff1fbff31ea98573c8d
  zego_express_engine: efcec0b47e2bae353ff77b2737d83662beb642ca

PODFILE CHECKSUM: 1f50c673c6f6f633f09cf93483a917b21206c611

COCOAPODS: 1.16.2
